// !$*UTF8*$!
{
	archiveVersion = 1;
	classes = {
	};
	objectVersion = 77;
	objects = {

/* Begin PBXBuildFile section */
		AA0000000000000000000040 /* LAEMPOSApp.swift in Sources */ = {isa = PBXBuildFile; fileRef = AA0000000000000000000030 /* LAEMPOSApp.swift */; };
		AA0000000000000000000041 /* AppConfiguration.swift in Sources */ = {isa = PBXBuildFile; fileRef = AA0000000000000000000031 /* AppConfiguration.swift */; };
		AA0000000000000000000042 /* Product.swift in Sources */ = {isa = PBXBuildFile; fileRef = AA0000000000000000000032 /* Product.swift */; };
		AA0000000000000000000043 /* CartLine.swift in Sources */ = {isa = PBXBuildFile; fileRef = AA0000000000000000000033 /* CartLine.swift */; };
		AA0000000000000000000044 /* CheckoutResult.swift in Sources */ = {isa = PBXBuildFile; fileRef = AA0000000000000000000034 /* CheckoutResult.swift */; };
		AA0000000000000000000045 /* ReaderStatus.swift in Sources */ = {isa = PBXBuildFile; fileRef = AA0000000000000000000035 /* ReaderStatus.swift */; };
		AA0000000000000000000046 /* APIClient.swift in Sources */ = {isa = PBXBuildFile; fileRef = AA0000000000000000000036 /* APIClient.swift */; };
		AA0000000000000000000047 /* LAEMTerminalManager.swift in Sources */ = {isa = PBXBuildFile; fileRef = AA0000000000000000000037 /* LAEMTerminalManager.swift */; };
		AA0000000000000000000048 /* POSViewModel.swift in Sources */ = {isa = PBXBuildFile; fileRef = AA0000000000000000000038 /* POSViewModel.swift */; };
		AA0000000000000000000049 /* POSRootView.swift in Sources */ = {isa = PBXBuildFile; fileRef = AA0000000000000000000039 /* POSRootView.swift */; };
		AA000000000000000000004A /* ReaderSheetView.swift in Sources */ = {isa = PBXBuildFile; fileRef = AA000000000000000000003A /* ReaderSheetView.swift */; };
		AA000000000000000000004B /* OrderResultView.swift in Sources */ = {isa = PBXBuildFile; fileRef = AA000000000000000000003B /* OrderResultView.swift */; };
		AA000000000000000000004C /* ReaderStatusCard.swift in Sources */ = {isa = PBXBuildFile; fileRef = AA000000000000000000003C /* ReaderStatusCard.swift */; };
		AA000000000000000000004D /* StripeTerminal in Frameworks */ = {isa = PBXBuildFile; productRef = AA0000000000000000000050 /* StripeTerminal */; };
/* End PBXBuildFile section */

/* Begin PBXFileReference section */
		AA0000000000000000000017 /* LAEMPOS.app */ = {isa = PBXFileReference; explicitFileType = wrapper.application; includeInIndex = 0; path = LAEMPOS.app; sourceTree = BUILT_PRODUCTS_DIR; };
		AA0000000000000000000027 /* Assets.xcassets */ = {isa = PBXFileReference; lastKnownFileType = folder.assetcatalog; path = Assets.xcassets; sourceTree = "<group>"; };
		AA0000000000000000000028 /* Info.plist */ = {isa = PBXFileReference; lastKnownFileType = text.plist.xml; path = Resources/Info.plist; sourceTree = "<group>"; };
		AA0000000000000000000029 /* README.md */ = {isa = PBXFileReference; lastKnownFileType = net.daringfireball.markdown; path = README.md; sourceTree = "<group>"; };
		AA0000000000000000000030 /* LAEMPOSApp.swift */ = {isa = PBXFileReference; lastKnownFileType = sourcecode.swift; path = App/LAEMPOSApp.swift; sourceTree = "<group>"; };
		AA0000000000000000000031 /* AppConfiguration.swift */ = {isa = PBXFileReference; lastKnownFileType = sourcecode.swift; path = Configuration/AppConfiguration.swift; sourceTree = "<group>"; };
		AA0000000000000000000032 /* Product.swift */ = {isa = PBXFileReference; lastKnownFileType = sourcecode.swift; path = Models/Product.swift; sourceTree = "<group>"; };
		AA0000000000000000000033 /* CartLine.swift */ = {isa = PBXFileReference; lastKnownFileType = sourcecode.swift; path = Models/CartLine.swift; sourceTree = "<group>"; };
		AA0000000000000000000034 /* CheckoutResult.swift */ = {isa = PBXFileReference; lastKnownFileType = sourcecode.swift; path = Models/CheckoutResult.swift; sourceTree = "<group>"; };
		AA0000000000000000000035 /* ReaderStatus.swift */ = {isa = PBXFileReference; lastKnownFileType = sourcecode.swift; path = Models/ReaderStatus.swift; sourceTree = "<group>"; };
		AA0000000000000000000036 /* APIClient.swift */ = {isa = PBXFileReference; lastKnownFileType = sourcecode.swift; path = Services/APIClient.swift; sourceTree = "<group>"; };
		AA0000000000000000000037 /* LAEMTerminalManager.swift */ = {isa = PBXFileReference; lastKnownFileType = sourcecode.swift; path = Services/LAEMTerminalManager.swift; sourceTree = "<group>"; };
		AA0000000000000000000038 /* POSViewModel.swift */ = {isa = PBXFileReference; lastKnownFileType = sourcecode.swift; path = ViewModels/POSViewModel.swift; sourceTree = "<group>"; };
		AA0000000000000000000039 /* POSRootView.swift */ = {isa = PBXFileReference; lastKnownFileType = sourcecode.swift; path = Views/POSRootView.swift; sourceTree = "<group>"; };
		AA000000000000000000003A /* ReaderSheetView.swift */ = {isa = PBXFileReference; lastKnownFileType = sourcecode.swift; path = Views/ReaderSheetView.swift; sourceTree = "<group>"; };
		AA000000000000000000003B /* OrderResultView.swift */ = {isa = PBXFileReference; lastKnownFileType = sourcecode.swift; path = Views/OrderResultView.swift; sourceTree = "<group>"; };
		AA000000000000000000003C /* ReaderStatusCard.swift */ = {isa = PBXFileReference; lastKnownFileType = sourcecode.swift; path = Views/ReaderStatusCard.swift; sourceTree = "<group>"; };
/* End PBXFileReference section */

/* Begin PBXFrameworksBuildPhase section */
		AA0000000000000000000015 /* Frameworks */ = {
			isa = PBXFrameworksBuildPhase;
			buildActionMask = 2147483647;
			files = (
				AA000000000000000000004D /* StripeTerminal in Frameworks */,
			);
			runOnlyForDeploymentPostprocessing = 0;
		};
/* End PBXFrameworksBuildPhase section */

/* Begin PBXGroup section */
		AA0000000000000000000002 = {
			isa = PBXGroup;
			children = (
				AA000000000000000000001F /* LAEMPOS */,
				AA0000000000000000000003 /* Products */,
			);
			sourceTree = "<group>";
		};
		AA0000000000000000000003 /* Products */ = {
			isa = PBXGroup;
			children = (
				AA0000000000000000000017 /* LAEMPOS.app */,
			);
			name = Products;
			sourceTree = "<group>";
		};
		AA000000000000000000001F /* LAEMPOS */ = {
			isa = PBXGroup;
			children = (
				AA0000000000000000000020 /* App */,
				AA0000000000000000000021 /* Configuration */,
				AA0000000000000000000022 /* Models */,
				AA0000000000000000000023 /* Services */,
				AA0000000000000000000024 /* ViewModels */,
				AA0000000000000000000025 /* Views */,
				AA0000000000000000000026 /* Resources */,
				AA0000000000000000000027 /* Assets.xcassets */,
				AA0000000000000000000029 /* README.md */,
			);
			path = LAEMPOS;
			sourceTree = "<group>";
		};
		AA0000000000000000000020 /* App */ = {
			isa = PBXGroup;
			children = (
				AA0000000000000000000030 /* LAEMPOSApp.swift */,
			);
			name = App;
			sourceTree = "<group>";
		};
		AA0000000000000000000021 /* Configuration */ = {
			isa = PBXGroup;
			children = (
				AA0000000000000000000031 /* AppConfiguration.swift */,
			);
			name = Configuration;
			sourceTree = "<group>";
		};
		AA0000000000000000000022 /* Models */ = {
			isa = PBXGroup;
			children = (
				AA0000000000000000000032 /* Product.swift */,
				AA0000000000000000000033 /* CartLine.swift */,
				AA0000000000000000000034 /* CheckoutResult.swift */,
				AA0000000000000000000035 /* ReaderStatus.swift */,
			);
			name = Models;
			sourceTree = "<group>";
		};
		AA0000000000000000000023 /* Services */ = {
			isa = PBXGroup;
			children = (
				AA0000000000000000000036 /* APIClient.swift */,
				AA0000000000000000000037 /* LAEMTerminalManager.swift */,
			);
			name = Services;
			sourceTree = "<group>";
		};
		AA0000000000000000000024 /* ViewModels */ = {
			isa = PBXGroup;
			children = (
				AA0000000000000000000038 /* POSViewModel.swift */,
			);
			name = ViewModels;
			sourceTree = "<group>";
		};
		AA0000000000000000000025 /* Views */ = {
			isa = PBXGroup;
			children = (
				AA0000000000000000000039 /* POSRootView.swift */,
				AA000000000000000000003A /* ReaderSheetView.swift */,
				AA000000000000000000003B /* OrderResultView.swift */,
				AA000000000000000000003C /* ReaderStatusCard.swift */,
			);
			name = Views;
			sourceTree = "<group>";
		};
		AA0000000000000000000026 /* Resources */ = {
			isa = PBXGroup;
			children = (
				AA0000000000000000000028 /* Info.plist */,
			);
			name = Resources;
			sourceTree = "<group>";
		};
/* End PBXGroup section */

/* Begin PBXNativeTarget section */
		AA0000000000000000000010 /* LAEMPOS */ = {
			isa = PBXNativeTarget;
			buildConfigurationList = AA0000000000000000000011 /* Build configuration list for PBXNativeTarget "LAEMPOS" */;
			buildPhases = (
				AA0000000000000000000014 /* Sources */,
				AA0000000000000000000015 /* Frameworks */,
				AA0000000000000000000016 /* Resources */,
			);
			buildRules = (
			);
			dependencies = (
			);
			name = LAEMPOS;
			packageProductDependencies = (
				AA0000000000000000000050 /* StripeTerminal */,
			);
			productName = LAEMPOS;
			productReference = AA0000000000000000000017 /* LAEMPOS.app */;
			productType = "com.apple.product-type.application";
		};
/* End PBXNativeTarget section */

/* Begin PBXProject section */
		AA0000000000000000000001 /* Project object */ = {
			isa = PBXProject;
			attributes = {
				BuildIndependentTargetsInParallel = 1;
				LastSwiftUpdateCheck = 2603;
				LastUpgradeCheck = 2603;
				TargetAttributes = {
					AA0000000000000000000010 = {
						CreatedOnToolsVersion = 26.3;
					};
				};
			};
			buildConfigurationList = AA0000000000000000000004 /* Build configuration list for PBXProject "LAEMPOS" */;
			compatibilityVersion = "Xcode 16.0";
			developmentRegion = en;
			hasScannedForEncodings = 0;
			knownRegions = (
				en,
				Base,
			);
			mainGroup = AA0000000000000000000002;
			minimizedProjectReferenceProxies = 1;
			packageReferences = (
				AA000000000000000000004F /* XCRemoteSwiftPackageReference "stripe-terminal-ios" */,
			);
			preferredProjectObjectVersion = 77;
			productRefGroup = AA0000000000000000000003 /* Products */;
			projectDirPath = "";
			projectRoot = "";
			targets = (
				AA0000000000000000000010 /* LAEMPOS */,
			);
		};
/* End PBXProject section */

/* Begin PBXResourcesBuildPhase section */
		AA0000000000000000000016 /* Resources */ = {
			isa = PBXResourcesBuildPhase;
			buildActionMask = 2147483647;
			files = (
			);
			runOnlyForDeploymentPostprocessing = 0;
		};
/* End PBXResourcesBuildPhase section */

/* Begin PBXSourcesBuildPhase section */
		AA0000000000000000000014 /* Sources */ = {
			isa = PBXSourcesBuildPhase;
			buildActionMask = 2147483647;
			files = (
				AA0000000000000000000040 /* LAEMPOSApp.swift in Sources */,
				AA0000000000000000000041 /* AppConfiguration.swift in Sources */,
				AA0000000000000000000042 /* Product.swift in Sources */,
				AA0000000000000000000043 /* CartLine.swift in Sources */,
				AA0000000000000000000044 /* CheckoutResult.swift in Sources */,
				AA0000000000000000000045 /* ReaderStatus.swift in Sources */,
				AA0000000000000000000046 /* APIClient.swift in Sources */,
				AA0000000000000000000047 /* LAEMTerminalManager.swift in Sources */,
				AA0000000000000000000048 /* POSViewModel.swift in Sources */,
				AA0000000000000000000049 /* POSRootView.swift in Sources */,
				AA000000000000000000004A /* ReaderSheetView.swift in Sources */,
				AA000000000000000000004B /* OrderResultView.swift in Sources */,
				AA000000000000000000004C /* ReaderStatusCard.swift in Sources */,
			);
			runOnlyForDeploymentPostprocessing = 0;
		};
/* End PBXSourcesBuildPhase section */

/* Begin XCRemoteSwiftPackageReference section */
		AA000000000000000000004F /* XCRemoteSwiftPackageReference "stripe-terminal-ios" */ = {
			isa = XCRemoteSwiftPackageReference;
			repositoryURL = "https://github.com/stripe/stripe-terminal-ios";
			requirement = {
				kind = upToNextMajorVersion;
				minimumVersion = 5.0.0;
			};
		};
/* End XCRemoteSwiftPackageReference section */

/* Begin XCBuildConfiguration section */
		AA0000000000000000000005 /* Debug */ = {
			isa = XCBuildConfiguration;
			buildSettings = {
				ALWAYS_SEARCH_USER_PATHS = NO;
				CLANG_ENABLE_MODULES = YES;
				CLANG_ENABLE_OBJC_ARC = YES;
				COPY_PHASE_STRIP = NO;
				DEBUG_INFORMATION_FORMAT = dwarf;
				ENABLE_STRICT_OBJC_MSGSEND = YES;
				GCC_C_LANGUAGE_STANDARD = gnu17;
				MTL_ENABLE_DEBUG_INFO = INCLUDE_SOURCE;
				ONLY_ACTIVE_ARCH = YES;
				SDKROOT = iphoneos;
				SWIFT_VERSION = 6.0;
			};
			name = Debug;
		};
		AA0000000000000000000006 /* Release */ = {
			isa = XCBuildConfiguration;
			buildSettings = {
				ALWAYS_SEARCH_USER_PATHS = NO;
				CLANG_ENABLE_MODULES = YES;
				CLANG_ENABLE_OBJC_ARC = YES;
				COPY_PHASE_STRIP = NO;
				DEBUG_INFORMATION_FORMAT = "dwarf-with-dsym";
				ENABLE_NS_ASSERTIONS = NO;
				ENABLE_STRICT_OBJC_MSGSEND = YES;
				GCC_C_LANGUAGE_STANDARD = gnu17;
				MTL_ENABLE_DEBUG_INFO = NO;
				SDKROOT = iphoneos;
				SWIFT_COMPILATION_MODE = wholemodule;
				SWIFT_VERSION = 6.0;
			};
			name = Release;
		};
		AA0000000000000000000012 /* Debug */ = {
			isa = XCBuildConfiguration;
			buildSettings = {
				ASSETCATALOG_COMPILER_APPICON_NAME = AppIcon;
				CODE_SIGN_STYLE = Automatic;
				CURRENT_PROJECT_VERSION = 1;
				DEVELOPMENT_TEAM = "";
				GENERATE_INFOPLIST_FILE = NO;
				INFOPLIST_FILE = LAEMPOS/Resources/Info.plist;
				IPHONEOS_DEPLOYMENT_TARGET = 17.0;
				LD_RUNPATH_SEARCH_PATHS = (
					"$(inherited)",
					"@executable_path/Frameworks",
				);
				MARKETING_VERSION = 1.0;
				PRODUCT_BUNDLE_IDENTIFIER = com.laem.pos;
				PRODUCT_NAME = "$(TARGET_NAME)";
				SUPPORTED_PLATFORMS = "iphoneos iphonesimulator";
				SWIFT_EMIT_LOC_STRINGS = YES;
				SWIFT_VERSION = 6.0;
				TARGETED_DEVICE_FAMILY = "1,2";
			};
			name = Debug;
		};
		AA0000000000000000000013 /* Release */ = {
			isa = XCBuildConfiguration;
			buildSettings = {
				ASSETCATALOG_COMPILER_APPICON_NAME = AppIcon;
				CODE_SIGN_STYLE = Automatic;
				CURRENT_PROJECT_VERSION = 1;
				DEVELOPMENT_TEAM = "";
				GENERATE_INFOPLIST_FILE = NO;
				INFOPLIST_FILE = LAEMPOS/Resources/Info.plist;
				IPHONEOS_DEPLOYMENT_TARGET = 17.0;
				LD_RUNPATH_SEARCH_PATHS = (
					"$(inherited)",
					"@executable_path/Frameworks",
				);
				MARKETING_VERSION = 1.0;
				PRODUCT_BUNDLE_IDENTIFIER = com.laem.pos;
				PRODUCT_NAME = "$(TARGET_NAME)";
				SUPPORTED_PLATFORMS = "iphoneos iphonesimulator";
				SWIFT_EMIT_LOC_STRINGS = YES;
				SWIFT_VERSION = 6.0;
				TARGETED_DEVICE_FAMILY = "1,2";
			};
			name = Release;
		};
/* End XCBuildConfiguration section */

/* Begin XCConfigurationList section */
		AA0000000000000000000004 /* Build configuration list for PBXProject "LAEMPOS" */ = {
			isa = XCConfigurationList;
			buildConfigurations = (
				AA0000000000000000000005 /* Debug */,
				AA0000000000000000000006 /* Release */,
			);
			defaultConfigurationIsVisible = 0;
			defaultConfigurationName = Release;
		};
		AA0000000000000000000011 /* Build configuration list for PBXNativeTarget "LAEMPOS" */ = {
			isa = XCConfigurationList;
			buildConfigurations = (
				AA0000000000000000000012 /* Debug */,
				AA0000000000000000000013 /* Release */,
			);
			defaultConfigurationIsVisible = 0;
			defaultConfigurationName = Release;
		};
/* End XCConfigurationList section */

/* Begin XCSwiftPackageProductDependency section */
		AA0000000000000000000050 /* StripeTerminal */ = {
			isa = XCSwiftPackageProductDependency;
			package = AA000000000000000000004F /* XCRemoteSwiftPackageReference "stripe-terminal-ios" */;
			productName = StripeTerminal;
		};
/* End XCSwiftPackageProductDependency section */
	};
	rootObject = AA0000000000000000000001 /* Project object */;
}
